
Microsoft Visual Studio Solution File, Format Version 12.00
# Visual Studio Version 17
VisualStudioVersion = 17.5.002.0
MinimumVisualStudioVersion = 10.0.40219.1
Project("{9A19103F-16F7-4668-BE54-9A1E7A4F7556}") = "pescaamadora", "pescaamadora.csproj", "{0480DCFC-2BDA-4A8E-B9BF-8573C849FA4C}"
EndProject
Global
	GlobalSection(SolutionConfigurationPlatforms) = preSolution
		Debug|Any CPU = Debug|Any CPU
		Release|Any CPU = Release|Any CPU
	EndGlobalSection
	GlobalSection(ProjectConfigurationPlatforms) = postSolution
		{0480DCFC-2BDA-4A8E-B9BF-8573C849FA4C}.Debug|Any CPU.ActiveCfg = Debug|Any CPU
		{0480DCFC-2BDA-4A8E-B9BF-8573C849FA4C}.Debug|Any CPU.Build.0 = Debug|Any CPU
		{0480DCFC-2BDA-4A8E-B9BF-8573C849FA4C}.Release|Any CPU.ActiveCfg = Release|Any CPU
		{0480DCFC-2BDA-4A8E-B9BF-8573C849FA4C}.Release|Any CPU.Build.0 = Release|Any CPU
	EndGlobalSection
	GlobalSection(SolutionProperties) = preSolution
		HideSolutionNode = FALSE
	EndGlobalSection
	GlobalSection(ExtensibilityGlobals) = postSolution
		SolutionGuid = {C63196F3-5C65-4FDA-93B7-403773C9AC73}
	EndGlobalSection
EndGlobal
